
Microsoft Visual Studio Solution File, Format Version 12.00
# Visual Studio Version 17
VisualStudioVersion = 17.5.002.0
MinimumVisualStudioVersion = 10.0.40219.1
Project("{9A19103F-16F7-4668-BE54-9A1E7A4F7556}") = "TerraCraftNET", "TerraCraftNET.csproj", "{374F9A44-F648-4898-8075-29AE51520EAB}"
EndProject
Global
	GlobalSection(SolutionConfigurationPlatforms) = preSolution
		Debug|Any CPU = Debug|Any CPU
		Release|Any CPU = Release|Any CPU
	EndGlobalSection
	GlobalSection(ProjectConfigurationPlatforms) = postSolution
		{374F9A44-F648-4898-8075-29AE51520EAB}.Debug|Any CPU.ActiveCfg = Debug|Any CPU
		{374F9A44-F648-4898-8075-29AE51520EAB}.Debug|Any CPU.Build.0 = Debug|Any CPU
		{374F9A44-F648-4898-8075-29AE51520EAB}.Release|Any CPU.ActiveCfg = Release|Any CPU
		{374F9A44-F648-4898-8075-29AE51520EAB}.Release|Any CPU.Build.0 = Release|Any CPU
	EndGlobalSection
	GlobalSection(SolutionProperties) = preSolution
		HideSolutionNode = FALSE
	EndGlobalSection
	GlobalSection(ExtensibilityGlobals) = postSolution
		SolutionGuid = {03872B1A-F321-4220-82C8-E9E36BD01C5F}
	EndGlobalSection
EndGlobal
